{
  "object": {
    "pins": [
      {
        "package": "JsonModel",
        "repositoryURL": "https://github.com/BiAffectBridge/JsonModel-Swift.git",
        "state": {
          "branch": null,
          "revision": "6906a744d80481128bd88471890ec38eeda1bd76",
          "version": "2.5.0"
        }
      }
    ]
  },
  "version": 1
}
